Microsoft Visual Studio Solution File, Format Version 12.00
# Visual Studio 15
VisualStudioVersion = 15.0.28010.2036
MinimumVisualStudioVersion = 10.0.40219.1
Project("{FAE04EC0-301F-11D3-BF4B-00C04F79EFBC}") = "Hb.HexEditor2", "Hb.HexEditor\Hb.HexEditor2.csproj", "{FF4ADB46-210E-429E-9176-68613F5CBE90}"
EndProject
Project("{FAE04EC0-301F-11D3-BF4B-00C04F79EFBC}") = "Hb.Windows.Forms.HexBox2", "Hb.Windows.Forms.HexBox\Hb.Windows.Forms.HexBox2.csproj", "{26C5F25F-B450-4CAF-AD8B-B8D11AE73457}"
EndProject
Global
	GlobalSection(SolutionConfigurationPlatforms) = preSolution
		Debug|Any CPU = Debug|Any CPU
		Release|Any CPU = Release|Any CPU
	EndGlobalSection
	GlobalSection(ProjectConfigurationPlatforms) = postSolution
		{FF4ADB46-210E-429E-9176-68613F5CBE90}.Debug|Any CPU.ActiveCfg = Debug|Any CPU
		{FF4ADB46-210E-429E-9176-68613F5CBE90}.Debug|Any CPU.Build.0 = Debug|Any CPU
		{FF4ADB46-210E-429E-9176-68613F5CBE90}.Release|Any CPU.ActiveCfg = Release|Any CPU
		{FF4ADB46-210E-429E-9176-68613F5CBE90}.Release|Any CPU.Build.0 = Release|Any CPU
		{26C5F25F-B450-4CAF-AD8B-B8D11AE73457}.Debug|Any CPU.ActiveCfg = Debug|Any CPU
		{26C5F25F-B450-4CAF-AD8B-B8D11AE73457}.Debug|Any CPU.Build.0 = Debug|Any CPU
		{26C5F25F-B450-4CAF-AD8B-B8D11AE73457}.Release|Any CPU.ActiveCfg = Release|Any CPU
		{26C5F25F-B450-4CAF-AD8B-B8D11AE73457}.Release|Any CPU.Build.0 = Release|Any CPU
	EndGlobalSection
	GlobalSection(SolutionProperties) = preSolution
		HideSolutionNode = FALSE
	EndGlobalSection
	GlobalSection(ExtensibilityGlobals) = postSolution
		SolutionGuid = {0FC6AFE4-89F4-49C3-8FD2-048E5D9FE0C9}
	EndGlobalSection
EndGlobal
